
Microsoft Visual Studio Solution File, Format Version 12.00
# Visual Studio Version 16
VisualStudioVersion = 16.0.31624.102
MinimumVisualStudioVersion = 10.0.40219.1
Project("{FAE04EC0-301F-11D3-BF4B-00C04F79EFBC}") = "DIS Assignment 2", "DIS Assignment 2\DIS Assignment 2.csproj", "{90B18B7E-9191-41DA-8E90-716B01958764}"
EndProject
Global
	GlobalSection(SolutionConfigurationPlatforms) = preSolution
		Debug|Any CPU = Debug|Any CPU
		Release|Any CPU = Release|Any CPU
	EndGlobalSection
	GlobalSection(ProjectConfigurationPlatforms) = postSolution
		{90B18B7E-9191-41DA-8E90-716B01958764}.Debug|Any CPU.ActiveCfg = Debug|Any CPU
		{90B18B7E-9191-41DA-8E90-716B01958764}.Debug|Any CPU.Build.0 = Debug|Any CPU
		{90B18B7E-9191-41DA-8E90-716B01958764}.Release|Any CPU.ActiveCfg = Release|Any CPU
		{90B18B7E-9191-41DA-8E90-716B01958764}.Release|Any CPU.Build.0 = Release|Any CPU
	EndGlobalSection
	GlobalSection(SolutionProperties) = preSolution
		HideSolutionNode = FALSE
	EndGlobalSection
	GlobalSection(ExtensibilityGlobals) = postSolution
		SolutionGuid = {6D13C388-5A22-407F-866B-2C91DC2753BA}
	EndGlobalSection
EndGlobal
